{
  "originHash" : "4866bc24971608b0334a6e0e0d30873814948520364848d2310174064d0eaf48",
  "pins" : [
    {
      "identity" : "ios-maps-sdk",
      "kind" : "remoteSourceControl",
      "location" : "https://github.com/googlemaps/ios-maps-sdk",
      "state" : {
        "revision" : "02f8f144ef266da44d50a68d1562ca051bac27cc",
        "version" : "9.4.0"
      }
    },
    {
      "identity" : "meta-wearables-dat-ios",
      "kind" : "remoteSourceControl",
      "location" : "https://github.com/facebook/meta-wearables-dat-ios",
      "state" : {
        "revision" : "2ea30fa228359315baf71c404aec821472e994c1",
        "version" : "0.5.0"
      }
    },
    {
      "identity" : "webrtc",
      "kind" : "remoteSourceControl",
      "location" : "https://github.com/stasel/WebRTC.git",
      "state" : {
        "revision" : "86dbb5cb57e4da009b859a6245b1c10d610f215a",
        "version" : "140.0.0"
      }
    }
  ],
  "version" : 3
}
