// !$*UTF8*$!
{
	archiveVersion = 1;
	classes = {
	};
	objectVersion = 77;
	objects = {

/* Begin PBXBuildFile section */
		AADDE0032F77000100B0C0A4 /* WebRTC in Frameworks */ = {isa = PBXBuildFile; productRef = AADDE0022F77000100B0C0A4 /* WebRTC */; };
		BED202F02F758F7100B0C0A4 /* MWDATCamera in Frameworks */ = {isa = PBXBuildFile; productRef = BED202EF2F758F7100B0C0A4 /* MWDATCamera */; };
		BED202F22F758F7100B0C0A4 /* MWDATCore in Frameworks */ = {isa = PBXBuildFile; productRef = BED202F12F758F7100B0C0A4 /* MWDATCore */; };
		BED202F42F758F8300B0C0A4 /* MWDATMockDevice in Frameworks */ = {isa = PBXBuildFile; productRef = BED202F32F758F8300B0C0A4 /* MWDATMockDevice */; };
/* End PBXBuildFile section */

/* Begin PBXContainerItemProxy section */
		BED202BF2F758B0600B0C0A4 /* PBXContainerItemProxy */ = {
			isa = PBXContainerItemProxy;
			containerPortal = BED202A92F758B0500B0C0A4 /* Project object */;
			proxyType = 1;
			remoteGlobalIDString = BED202B02F758B0500B0C0A4;
			remoteInfo = NavigatorImpaired;
		};
		BED202C92F758B0600B0C0A4 /* PBXContainerItemProxy */ = {
			isa = PBXContainerItemProxy;
			containerPortal = BED202A92F758B0500B0C0A4 /* Project object */;
			proxyType = 1;
			remoteGlobalIDString = BED202B02F758B0500B0C0A4;
			remoteInfo = NavigatorImpaired;
		};
/* End PBXContainerItemProxy section */

/* Begin PBXFileReference section */
		BED202B12F758B0500B0C0A4 /* NavigatorImpaired.app */ = {isa = PBXFileReference; explicitFileType = wrapper.application; includeInIndex = 0; path = NavigatorImpaired.app; sourceTree = BUILT_PRODUCTS_DIR; };
		BED202BE2F758B0600B0C0A4 /* NavigatorImpairedTests.xctest */ = {isa = PBXFileReference; explicitFileType = wrapper.cfbundle; includeInIndex = 0; path = NavigatorImpairedTests.xctest; sourceTree = BUILT_PRODUCTS_DIR; };
		BED202C82F758B0600B0C0A4 /* NavigatorImpairedUITests.xctest */ = {isa = PBXFileReference; explicitFileType = wrapper.cfbundle; includeInIndex = 0; path = NavigatorImpairedUITests.xctest; sourceTree = BUILT_PRODUCTS_DIR; };
/* End PBXFileReference section */

/* Begin PBXFileSystemSynchronizedRootGroup section */
		BED202B32F758B0500B0C0A4 /* NavigatorImpaired */ = {
			isa = PBXFileSystemSynchronizedRootGroup;
			path = NavigatorImpaired;
			sourceTree = "<group>";
		};
		BED202C12F758B0600B0C0A4 /* NavigatorImpairedTests */ = {
			isa = PBXFileSystemSynchronizedRootGroup;
			path = NavigatorImpairedTests;
			sourceTree = "<group>";
		};
		BED202CB2F758B0600B0C0A4 /* NavigatorImpairedUITests */ = {
			isa = PBXFileSystemSynchronizedRootGroup;
			path = NavigatorImpairedUITests;
			sourceTree = "<group>";
		};
/* End PBXFileSystemSynchronizedRootGroup section */

/* Begin PBXFrameworksBuildPhase section */
		BED202AE2F758B0500B0C0A4 /* Frameworks */ = {
			isa = PBXFrameworksBuildPhase;
			buildActionMask = 2147483647;
			files = (
				BED202F02F758F7100B0C0A4 /* MWDATCamera in Frameworks */,
				BED202F42F758F8300B0C0A4 /* MWDATMockDevice in Frameworks */,
				BED202F22F758F7100B0C0A4 /* MWDATCore in Frameworks */,
				AADDE0032F77000100B0C0A4 /* WebRTC in Frameworks */,
			);
			runOnlyForDeploymentPostprocessing = 0;
		};
		BED202BB2F758B0600B0C0A4 /* Frameworks */ = {
			isa = PBXFrameworksBuildPhase;
			buildActionMask = 2147483647;
			files = (
			);
			runOnlyForDeploymentPostprocessing = 0;
		};
		BED202C52F758B0600B0C0A4 /* Frameworks */ = {
			isa = PBXFrameworksBuildPhase;
			buildActionMask = 2147483647;
			files = (
			);
			runOnlyForDeploymentPostprocessing = 0;
		};
/* End PBXFrameworksBuildPhase section */

/* Begin PBXGroup section */
		BED202A82F758B0500B0C0A4 = {
			isa = PBXGroup;
			children = (
				BED202B32F758B0500B0C0A4 /* NavigatorImpaired */,
				BED202C12F758B0600B0C0A4 /* NavigatorImpairedTests */,
				BED202CB2F758B0600B0C0A4 /* NavigatorImpairedUITests */,
				BED202EE2F758F7100B0C0A4 /* Frameworks */,
				BED202B22F758B0500B0C0A4 /* Products */,
			);
			sourceTree = "<group>";
		};
		BED202B22F758B0500B0C0A4 /* Products */ = {
			isa = PBXGroup;
			children = (
				BED202B12F758B0500B0C0A4 /* NavigatorImpaired.app */,
				BED202BE2F758B0600B0C0A4 /* NavigatorImpairedTests.xctest */,
				BED202C82F758B0600B0C0A4 /* NavigatorImpairedUITests.xctest */,
			);
			name = Products;
			sourceTree = "<group>";
		};
		BED202EE2F758F7100B0C0A4 /* Frameworks */ = {
			isa = PBXGroup;
			children = (
			);
			name = Frameworks;
			sourceTree = "<group>";
		};
/* End PBXGroup section */

/* Begin PBXNativeTarget section */
		BED202B02F758B0500B0C0A4 /* NavigatorImpaired */ = {
			isa = PBXNativeTarget;
			buildConfigurationList = BED202D22F758B0600B0C0A4 /* Build configuration list for PBXNativeTarget "NavigatorImpaired" */;
			buildPhases = (
				BED202AD2F758B0500B0C0A4 /* Sources */,
				BED202AE2F758B0500B0C0A4 /* Frameworks */,
				BED202AF2F758B0500B0C0A4 /* Resources */,
			);
			buildRules = (
			);
			dependencies = (
			);
			fileSystemSynchronizedGroups = (
				BED202B32F758B0500B0C0A4 /* NavigatorImpaired */,
			);
			name = NavigatorImpaired;
			packageProductDependencies = (
				BED202EF2F758F7100B0C0A4 /* MWDATCamera */,
				BED202F12F758F7100B0C0A4 /* MWDATCore */,
				BED202F32F758F8300B0C0A4 /* MWDATMockDevice */,
				AADDE0022F77000100B0C0A4 /* WebRTC */,
			);
			productName = NavigatorImpaired;
			productReference = BED202B12F758B0500B0C0A4 /* NavigatorImpaired.app */;
			productType = "com.apple.product-type.application";
		};
		BED202BD2F758B0600B0C0A4 /* NavigatorImpairedTests */ = {
			isa = PBXNativeTarget;
			buildConfigurationList = BED202D52F758B0600B0C0A4 /* Build configuration list for PBXNativeTarget "NavigatorImpairedTests" */;
			buildPhases = (
				BED202BA2F758B0600B0C0A4 /* Sources */,
				BED202BB2F758B0600B0C0A4 /* Frameworks */,
				BED202BC2F758B0600B0C0A4 /* Resources */,
			);
			buildRules = (
			);
			dependencies = (
				BED202C02F758B0600B0C0A4 /* PBXTargetDependency */,
			);
			fileSystemSynchronizedGroups = (
				BED202C12F758B0600B0C0A4 /* NavigatorImpairedTests */,
			);
			name = NavigatorImpairedTests;
			packageProductDependencies = (
			);
			productName = NavigatorImpairedTests;
			productReference = BED202BE2F758B0600B0C0A4 /* NavigatorImpairedTests.xctest */;
			productType = "com.apple.product-type.bundle.unit-test";
		};
		BED202C72F758B0600B0C0A4 /* NavigatorImpairedUITests */ = {
			isa = PBXNativeTarget;
			buildConfigurationList = BED202D82F758B0600B0C0A4 /* Build configuration list for PBXNativeTarget "NavigatorImpairedUITests" */;
			buildPhases = (
				BED202C42F758B0600B0C0A4 /* Sources */,
				BED202C52F758B0600B0C0A4 /* Frameworks */,
				BED202C62F758B0600B0C0A4 /* Resources */,
			);
			buildRules = (
			);
			dependencies = (
				BED202CA2F758B0600B0C0A4 /* PBXTargetDependency */,
			);
			fileSystemSynchronizedGroups = (
				BED202CB2F758B0600B0C0A4 /* NavigatorImpairedUITests */,
			);
			name = NavigatorImpairedUITests;
			packageProductDependencies = (
			);
			productName = NavigatorImpairedUITests;
			productReference = BED202C82F758B0600B0C0A4 /* NavigatorImpairedUITests.xctest */;
			productType = "com.apple.product-type.bundle.ui-testing";
		};
/* End PBXNativeTarget section */

/* Begin PBXProject section */
		BED202A92F758B0500B0C0A4 /* Project object */ = {
			isa = PBXProject;
			attributes = {
				BuildIndependentTargetsInParallel = 1;
				LastSwiftUpdateCheck = 1640;
				LastUpgradeCheck = 1640;
				TargetAttributes = {
					BED202B02F758B0500B0C0A4 = {
						CreatedOnToolsVersion = 16.4;
					};
					BED202BD2F758B0600B0C0A4 = {
						CreatedOnToolsVersion = 16.4;
						TestTargetID = BED202B02F758B0500B0C0A4;
					};
					BED202C72F758B0600B0C0A4 = {
						CreatedOnToolsVersion = 16.4;
						TestTargetID = BED202B02F758B0500B0C0A4;
					};
				};
			};
			buildConfigurationList = BED202AC2F758B0500B0C0A4 /* Build configuration list for PBXProject "NavigatorImpaired" */;
			developmentRegion = en;
			hasScannedForEncodings = 0;
			knownRegions = (
				en,
				Base,
			);
			mainGroup = BED202A82F758B0500B0C0A4;
			minimizedProjectReferenceProxies = 1;
			packageReferences = (
				BED202ED2F758E6A00B0C0A4 /* XCRemoteSwiftPackageReference "meta-wearables-dat-ios" */,
				AADDE0012F77000100B0C0A4 /* XCRemoteSwiftPackageReference "WebRTC" */,
			);
			preferredProjectObjectVersion = 77;
			productRefGroup = BED202B22F758B0500B0C0A4 /* Products */;
			projectDirPath = "";
			projectRoot = "";
			targets = (
				BED202B02F758B0500B0C0A4 /* NavigatorImpaired */,
				BED202BD2F758B0600B0C0A4 /* NavigatorImpairedTests */,
				BED202C72F758B0600B0C0A4 /* NavigatorImpairedUITests */,
			);
		};
/* End PBXProject section */

/* Begin PBXResourcesBuildPhase section */
		BED202AF2F758B0500B0C0A4 /* Resources */ = {
			isa = PBXResourcesBuildPhase;
			buildActionMask = 2147483647;
			files = (
			);
			runOnlyForDeploymentPostprocessing = 0;
		};
		BED202BC2F758B0600B0C0A4 /* Resources */ = {
			isa = PBXResourcesBuildPhase;
			buildActionMask = 2147483647;
			files = (
			);
			runOnlyForDeploymentPostprocessing = 0;
		};
		BED202C62F758B0600B0C0A4 /* Resources */ = {
			isa = PBXResourcesBuildPhase;
			buildActionMask = 2147483647;
			files = (
			);
			runOnlyForDeploymentPostprocessing = 0;
		};
/* End PBXResourcesBuildPhase section */

/* Begin PBXSourcesBuildPhase section */
		BED202AD2F758B0500B0C0A4 /* Sources */ = {
			isa = PBXSourcesBuildPhase;
			buildActionMask = 2147483647;
			files = (
			);
			runOnlyForDeploymentPostprocessing = 0;
		};
		BED202BA2F758B0600B0C0A4 /* Sources */ = {
			isa = PBXSourcesBuildPhase;
			buildActionMask = 2147483647;
			files = (
			);
			runOnlyForDeploymentPostprocessing = 0;
		};
		BED202C42F758B0600B0C0A4 /* Sources */ = {
			isa = PBXSourcesBuildPhase;
			buildActionMask = 2147483647;
			files = (
			);
			runOnlyForDeploymentPostprocessing = 0;
		};
/* End PBXSourcesBuildPhase section */

/* Begin PBXTargetDependency section */
		BED202C02F758B0600B0C0A4 /* PBXTargetDependency */ = {
			isa = PBXTargetDependency;
			target = BED202B02F758B0500B0C0A4 /* NavigatorImpaired */;
			targetProxy = BED202BF2F758B0600B0C0A4 /* PBXContainerItemProxy */;
		};
		BED202CA2F758B0600B0C0A4 /* PBXTargetDependency */ = {
			isa = PBXTargetDependency;
			target = BED202B02F758B0500B0C0A4 /* NavigatorImpaired */;
			targetProxy = BED202C92F758B0600B0C0A4 /* PBXContainerItemProxy */;
		};
/* End PBXTargetDependency section */

/* Begin XCBuildConfiguration section */
		BED202D02F758B0600B0C0A4 /* Debug */ = {
			isa = XCBuildConfiguration;
			buildSettings = {
				ALWAYS_SEARCH_USER_PATHS = NO;
				ASSETCATALOG_COMPILER_GENERATE_SWIFT_ASSET_SYMBOL_EXTENSIONS = YES;
				CLANG_ANALYZER_NONNULL = YES;
				CLANG_ANALYZER_NUMBER_OBJECT_CONVERSION = YES_AGGRESSIVE;
				CLANG_CXX_LANGUAGE_STANDARD = "gnu++20";
				CLANG_ENABLE_MODULES = YES;
				CLANG_ENABLE_OBJC_ARC = YES;
				CLANG_ENABLE_OBJC_WEAK = YES;
				CLANG_WARN_BLOCK_CAPTURE_AUTORELEASING = YES;
				CLANG_WARN_BOOL_CONVERSION = YES;
				CLANG_WARN_COMMA = YES;
				CLANG_WARN_CONSTANT_CONVERSION = YES;
				CLANG_WARN_DEPRECATED_OBJC_IMPLEMENTATIONS = YES;
				CLANG_WARN_DIRECT_OBJC_ISA_USAGE = YES_ERROR;
				CLANG_WARN_DOCUMENTATION_COMMENTS = YES;
				CLANG_WARN_EMPTY_BODY = YES;
				CLANG_WARN_ENUM_CONVERSION = YES;
				CLANG_WARN_INFINITE_RECURSION = YES;
				CLANG_WARN_INT_CONVERSION = YES;
				CLANG_WARN_NON_LITERAL_NULL_CONVERSION = YES;
				CLANG_WARN_OBJC_IMPLICIT_RETAIN_SELF = YES;
				CLANG_WARN_OBJC_LITERAL_CONVERSION = YES;
				CLANG_WARN_OBJC_ROOT_CLASS = YES_ERROR;
				CLANG_WARN_QUOTED_INCLUDE_IN_FRAMEWORK_HEADER = YES;
				CLANG_WARN_RANGE_LOOP_ANALYSIS = YES;
				CLANG_WARN_STRICT_PROTOTYPES = YES;
				CLANG_WARN_SUSPICIOUS_MOVE = YES;
				CLANG_WARN_UNGUARDED_AVAILABILITY = YES_AGGRESSIVE;
				CLANG_WARN_UNREACHABLE_CODE = YES;
				CLANG_WARN__DUPLICATE_METHOD_MATCH = YES;
				COPY_PHASE_STRIP = NO;
				DEBUG_INFORMATION_FORMAT = dwarf;
				DEVELOPMENT_TEAM = YSN2XT3872;
				ENABLE_STRICT_OBJC_MSGSEND = YES;
				ENABLE_TESTABILITY = YES;
				ENABLE_USER_SCRIPT_SANDBOXING = YES;
				GCC_C_LANGUAGE_STANDARD = gnu17;
				GCC_DYNAMIC_NO_PIC = NO;
				GCC_NO_COMMON_BLOCKS = YES;
				GCC_OPTIMIZATION_LEVEL = 0;
				GCC_PREPROCESSOR_DEFINITIONS = (
					"DEBUG=1",
					"$(inherited)",
				);
				GCC_WARN_64_TO_32_BIT_CONVERSION = YES;
				GCC_WARN_ABOUT_RETURN_TYPE = YES_ERROR;
				GCC_WARN_UNDECLARED_SELECTOR = YES;
				GCC_WARN_UNINITIALIZED_AUTOS = YES_AGGRESSIVE;
				GCC_WARN_UNUSED_FUNCTION = YES;
				GCC_WARN_UNUSED_VARIABLE = YES;
				IPHONEOS_DEPLOYMENT_TARGET = 18.5;
				LOCALIZATION_PREFERS_STRING_CATALOGS = YES;
				MTL_ENABLE_DEBUG_INFO = INCLUDE_SOURCE;
				MTL_FAST_MATH = YES;
				ONLY_ACTIVE_ARCH = YES;
				SDKROOT = iphoneos;
				SWIFT_ACTIVE_COMPILATION_CONDITIONS = "DEBUG $(inherited)";
				SWIFT_OPTIMIZATION_LEVEL = "-Onone";
			};
			name = Debug;
		};
		BED202D12F758B0600B0C0A4 /* Release */ = {
			isa = XCBuildConfiguration;
			buildSettings = {
				ALWAYS_SEARCH_USER_PATHS = NO;
				ASSETCATALOG_COMPILER_GENERATE_SWIFT_ASSET_SYMBOL_EXTENSIONS = YES;
				CLANG_ANALYZER_NONNULL = YES;
				CLANG_ANALYZER_NUMBER_OBJECT_CONVERSION = YES_AGGRESSIVE;
				CLANG_CXX_LANGUAGE_STANDARD = "gnu++20";
				CLANG_ENABLE_MODULES = YES;
				CLANG_ENABLE_OBJC_ARC = YES;
				CLANG_ENABLE_OBJC_WEAK = YES;
				CLANG_WARN_BLOCK_CAPTURE_AUTORELEASING = YES;
				CLANG_WARN_BOOL_CONVERSION = YES;
				CLANG_WARN_COMMA = YES;
				CLANG_WARN_CONSTANT_CONVERSION = YES;
				CLANG_WARN_DEPRECATED_OBJC_IMPLEMENTATIONS = YES;
				CLANG_WARN_DIRECT_OBJC_ISA_USAGE = YES_ERROR;
				CLANG_WARN_DOCUMENTATION_COMMENTS = YES;
				CLANG_WARN_EMPTY_BODY = YES;
				CLANG_WARN_ENUM_CONVERSION = YES;
				CLANG_WARN_INFINITE_RECURSION = YES;
				CLANG_WARN_INT_CONVERSION = YES;
				CLANG_WARN_NON_LITERAL_NULL_CONVERSION = YES;
				CLANG_WARN_OBJC_IMPLICIT_RETAIN_SELF = YES;
				CLANG_WARN_OBJC_LITERAL_CONVERSION = YES;
				CLANG_WARN_OBJC_ROOT_CLASS = YES_ERROR;
				CLANG_WARN_QUOTED_INCLUDE_IN_FRAMEWORK_HEADER = YES;
				CLANG_WARN_RANGE_LOOP_ANALYSIS = YES;
				CLANG_WARN_STRICT_PROTOTYPES = YES;
				CLANG_WARN_SUSPICIOUS_MOVE = YES;
				CLANG_WARN_UNGUARDED_AVAILABILITY = YES_AGGRESSIVE;
				CLANG_WARN_UNREACHABLE_CODE = YES;
				CLANG_WARN__DUPLICATE_METHOD_MATCH = YES;
				COPY_PHASE_STRIP = NO;
				DEBUG_INFORMATION_FORMAT = "dwarf-with-dsym";
				DEVELOPMENT_TEAM = YSN2XT3872;
				ENABLE_NS_ASSERTIONS = NO;
				ENABLE_STRICT_OBJC_MSGSEND = YES;
				ENABLE_USER_SCRIPT_SANDBOXING = YES;
				GCC_C_LANGUAGE_STANDARD = gnu17;
				GCC_NO_COMMON_BLOCKS = YES;
				GCC_WARN_64_TO_32_BIT_CONVERSION = YES;
				GCC_WARN_ABOUT_RETURN_TYPE = YES_ERROR;
				GCC_WARN_UNDECLARED_SELECTOR = YES;
				GCC_WARN_UNINITIALIZED_AUTOS = YES_AGGRESSIVE;
				GCC_WARN_UNUSED_FUNCTION = YES;
				GCC_WARN_UNUSED_VARIABLE = YES;
				IPHONEOS_DEPLOYMENT_TARGET = 18.5;
				LOCALIZATION_PREFERS_STRING_CATALOGS = YES;
				MTL_ENABLE_DEBUG_INFO = NO;
				MTL_FAST_MATH = YES;
				SDKROOT = iphoneos;
				SWIFT_COMPILATION_MODE = wholemodule;
				VALIDATE_PRODUCT = YES;
			};
			name = Release;
		};
		BED202D32F758B0600B0C0A4 /* Debug */ = {
			isa = XCBuildConfiguration;
			buildSettings = {
				ASSETCATALOG_COMPILER_APPICON_NAME = AppIcon;
				ASSETCATALOG_COMPILER_GLOBAL_ACCENT_COLOR_NAME = AccentColor;
				CLIENT_TOKEN = "AR|4048186048737162|12ea3a58aabb21ee7692d1803ad8d698";
				CODE_SIGN_STYLE = Automatic;
				CURRENT_PROJECT_VERSION = 1;
				DEVELOPMENT_TEAM = J9BTN63FG5;
				ENABLE_PREVIEWS = YES;
				GENERATE_INFOPLIST_FILE = NO;
				INFOPLIST_FILE = Info.plist;
				LD_RUNPATH_SEARCH_PATHS = (
					"$(inherited)",
					"@executable_path/Frameworks",
				);
				MARKETING_VERSION = 1.0;
				META_APP_ID = 4048186048737162;
				PRODUCT_BUNDLE_IDENTIFIER = com.josephyung.yalehacksMoment;
				PRODUCT_NAME = "$(TARGET_NAME)";
				SWIFT_EMIT_LOC_STRINGS = YES;
				SWIFT_VERSION = 5.0;
				TARGETED_DEVICE_FAMILY = "1,2";
			};
			name = Debug;
		};
		BED202D42F758B0600B0C0A4 /* Release */ = {
			isa = XCBuildConfiguration;
			buildSettings = {
				ASSETCATALOG_COMPILER_APPICON_NAME = AppIcon;
				ASSETCATALOG_COMPILER_GLOBAL_ACCENT_COLOR_NAME = AccentColor;
				CLIENT_TOKEN = "AR|4048186048737162|12ea3a58aabb21ee7692d1803ad8d698";
				CODE_SIGN_STYLE = Automatic;
				CURRENT_PROJECT_VERSION = 1;
				DEVELOPMENT_TEAM = J9BTN63FG5;
				ENABLE_PREVIEWS = YES;
				GENERATE_INFOPLIST_FILE = NO;
				INFOPLIST_FILE = Info.plist;
				INFOPLIST_KEY_UISupportedInterfaceOrientations_iPad = "UIInterfaceOrientationPortrait UIInterfaceOrientationPortraitUpsideDown UIInterfaceOrientationLandscapeLeft UIInterfaceOrientationLandscapeRight";
				INFOPLIST_KEY_UISupportedInterfaceOrientations_iPhone = "UIInterfaceOrientationPortrait UIInterfaceOrientationLandscapeLeft UIInterfaceOrientationLandscapeRight";
				LD_RUNPATH_SEARCH_PATHS = (
					"$(inherited)",
					"@executable_path/Frameworks",
				);
				MARKETING_VERSION = 1.0;
				META_APP_ID = 4048186048737162;
				PRODUCT_BUNDLE_IDENTIFIER = com.josephyung.yalehacksMoment;
				PRODUCT_NAME = "$(TARGET_NAME)";
				SWIFT_EMIT_LOC_STRINGS = YES;
				SWIFT_VERSION = 5.0;
				TARGETED_DEVICE_FAMILY = "1,2";
			};
			name = Release;
		};
		BED202D62F758B0600B0C0A4 /* Debug */ = {
			isa = XCBuildConfiguration;
			buildSettings = {
				BUNDLE_LOADER = "$(TEST_HOST)";
				CODE_SIGN_STYLE = Automatic;
				CURRENT_PROJECT_VERSION = 1;
				DEVELOPMENT_TEAM = YSN2XT3872;
				GENERATE_INFOPLIST_FILE = YES;
				IPHONEOS_DEPLOYMENT_TARGET = 18.5;
				MARKETING_VERSION = 1.0;
				PRODUCT_BUNDLE_IDENTIFIER = com.josephyung.yalehacksMoment.tests;
				PRODUCT_NAME = "$(TARGET_NAME)";
				SWIFT_EMIT_LOC_STRINGS = NO;
				SWIFT_VERSION = 5.0;
				TARGETED_DEVICE_FAMILY = "1,2";
				TEST_HOST = "$(BUILT_PRODUCTS_DIR)/NavigatorImpaired.app/$(BUNDLE_EXECUTABLE_FOLDER_PATH)/NavigatorImpaired";
			};
			name = Debug;
		};
		BED202D72F758B0600B0C0A4 /* Release */ = {
			isa = XCBuildConfiguration;
			buildSettings = {
				BUNDLE_LOADER = "$(TEST_HOST)";
				CODE_SIGN_STYLE = Automatic;
				CURRENT_PROJECT_VERSION = 1;
				DEVELOPMENT_TEAM = YSN2XT3872;
				GENERATE_INFOPLIST_FILE = YES;
				IPHONEOS_DEPLOYMENT_TARGET = 18.5;
				MARKETING_VERSION = 1.0;
				PRODUCT_BUNDLE_IDENTIFIER = com.josephyung.yalehacksMoment.tests;
				PRODUCT_NAME = "$(TARGET_NAME)";
				SWIFT_EMIT_LOC_STRINGS = NO;
				SWIFT_VERSION = 5.0;
				TARGETED_DEVICE_FAMILY = "1,2";
				TEST_HOST = "$(BUILT_PRODUCTS_DIR)/NavigatorImpaired.app/$(BUNDLE_EXECUTABLE_FOLDER_PATH)/NavigatorImpaired";
			};
			name = Release;
		};
		BED202D92F758B0600B0C0A4 /* Debug */ = {
			isa = XCBuildConfiguration;
			buildSettings = {
				CODE_SIGN_STYLE = Automatic;
				CURRENT_PROJECT_VERSION = 1;
				DEVELOPMENT_TEAM = YSN2XT3872;
				GENERATE_INFOPLIST_FILE = YES;
				MARKETING_VERSION = 1.0;
				PRODUCT_BUNDLE_IDENTIFIER = com.felixfan.navigatorimpaired.uitests;
				PRODUCT_NAME = "$(TARGET_NAME)";
				SWIFT_EMIT_LOC_STRINGS = NO;
				SWIFT_VERSION = 5.0;
				TARGETED_DEVICE_FAMILY = "1,2";
				TEST_TARGET_NAME = NavigatorImpaired;
			};
			name = Debug;
		};
		BED202DA2F758B0600B0C0A4 /* Release */ = {
			isa = XCBuildConfiguration;
			buildSettings = {
				CODE_SIGN_STYLE = Automatic;
				CURRENT_PROJECT_VERSION = 1;
				DEVELOPMENT_TEAM = YSN2XT3872;
				GENERATE_INFOPLIST_FILE = YES;
				MARKETING_VERSION = 1.0;
				PRODUCT_BUNDLE_IDENTIFIER = com.felixfan.navigatorimpaired.uitests;
				PRODUCT_NAME = "$(TARGET_NAME)";
				SWIFT_EMIT_LOC_STRINGS = NO;
				SWIFT_VERSION = 5.0;
				TARGETED_DEVICE_FAMILY = "1,2";
				TEST_TARGET_NAME = NavigatorImpaired;
			};
			name = Release;
		};
/* End XCBuildConfiguration section */

/* Begin XCConfigurationList section */
		BED202AC2F758B0500B0C0A4 /* Build configuration list for PBXProject "NavigatorImpaired" */ = {
			isa = XCConfigurationList;
			buildConfigurations = (
				BED202D02F758B0600B0C0A4 /* Debug */,
				BED202D12F758B0600B0C0A4 /* Release */,
			);
			defaultConfigurationIsVisible = 0;
			defaultConfigurationName = Release;
		};
		BED202D22F758B0600B0C0A4 /* Build configuration list for PBXNativeTarget "NavigatorImpaired" */ = {
			isa = XCConfigurationList;
			buildConfigurations = (
				BED202D32F758B0600B0C0A4 /* Debug */,
				BED202D42F758B0600B0C0A4 /* Release */,
			);
			defaultConfigurationIsVisible = 0;
			defaultConfigurationName = Release;
		};
		BED202D52F758B0600B0C0A4 /* Build configuration list for PBXNativeTarget "NavigatorImpairedTests" */ = {
			isa = XCConfigurationList;
			buildConfigurations = (
				BED202D62F758B0600B0C0A4 /* Debug */,
				BED202D72F758B0600B0C0A4 /* Release */,
			);
			defaultConfigurationIsVisible = 0;
			defaultConfigurationName = Release;
		};
		BED202D82F758B0600B0C0A4 /* Build configuration list for PBXNativeTarget "NavigatorImpairedUITests" */ = {
			isa = XCConfigurationList;
			buildConfigurations = (
				BED202D92F758B0600B0C0A4 /* Debug */,
				BED202DA2F758B0600B0C0A4 /* Release */,
			);
			defaultConfigurationIsVisible = 0;
			defaultConfigurationName = Release;
		};
/* End XCConfigurationList section */

/* Begin XCRemoteSwiftPackageReference section */
		AADDE0012F77000100B0C0A4 /* XCRemoteSwiftPackageReference "WebRTC" */ = {
			isa = XCRemoteSwiftPackageReference;
			repositoryURL = "https://github.com/stasel/WebRTC.git";
			requirement = {
				kind = exactVersion;
				version = 140.0.0;
			};
		};
		BED202ED2F758E6A00B0C0A4 /* XCRemoteSwiftPackageReference "meta-wearables-dat-ios" */ = {
			isa = XCRemoteSwiftPackageReference;
			repositoryURL = "https://github.com/facebook/meta-wearables-dat-ios";
			requirement = {
				kind = upToNextMajorVersion;
				minimumVersion = 0.5.0;
			};
		};
/* End XCRemoteSwiftPackageReference section */

/* Begin XCSwiftPackageProductDependency section */
		AADDE0022F77000100B0C0A4 /* WebRTC */ = {
			isa = XCSwiftPackageProductDependency;
			package = AADDE0012F77000100B0C0A4 /* XCRemoteSwiftPackageReference "WebRTC" */;
			productName = WebRTC;
		};
		BED202EF2F758F7100B0C0A4 /* MWDATCamera */ = {
			isa = XCSwiftPackageProductDependency;
			package = BED202ED2F758E6A00B0C0A4 /* XCRemoteSwiftPackageReference "meta-wearables-dat-ios" */;
			productName = MWDATCamera;
		};
		BED202F12F758F7100B0C0A4 /* MWDATCore */ = {
			isa = XCSwiftPackageProductDependency;
			package = BED202ED2F758E6A00B0C0A4 /* XCRemoteSwiftPackageReference "meta-wearables-dat-ios" */;
			productName = MWDATCore;
		};
		BED202F32F758F8300B0C0A4 /* MWDATMockDevice */ = {
			isa = XCSwiftPackageProductDependency;
			package = BED202ED2F758E6A00B0C0A4 /* XCRemoteSwiftPackageReference "meta-wearables-dat-ios" */;
			productName = MWDATMockDevice;
		};
/* End XCSwiftPackageProductDependency section */
	};
	rootObject = BED202A92F758B0500B0C0A4 /* Project object */;
}
